{
  "name": "node-app",
  "version": "1.0.0",
  "lockfileVersion": 1,
  "requires": true,
  "dependencies": {
    "cf-lib": {
      "version": "1.0.0",
      "resolved": "https://registry.npmjs.org/cf-lib/-/cf-lib-1.0.0.tgz",
      "integrity": "sha512-6Jpr5D2mjyhDiBX0rnH7osppLmII88TOPES/aziuny3BatGzL9x3uKAdJLUWYGGhpizFkGTAX5MukBIZA80dJQ=="
    }
  }
}
